# This file was autogenerated by Stack.
# You should not edit this file by hand.
# For more information, please see the documentation at:
#   https://docs.haskellstack.org/en/stable/lock_files

packages:
- completed:
    hackage: acid-state-0.16.1@sha256:e236ee7b72ffeda8d49b69549a723f0655b0d1b178951c6cc7a1dc6c92783225,6205
    pantry-tree:
      size: 13678
      sha256: d0e2b86aa444b29dfcaba2f269183a4bdd22787c69eb0ddafda6431447947eab
  original:
    hackage: acid-state-0.16.1
snapshots:
- completed:
    size: 590100
    url: https://raw.githubusercontent.com/commercialhaskell/stackage-snapshots/master/lts/18/28.yaml
    sha256: 428ec8d5ce932190d3cbe266b9eb3c175cd81e984babf876b64019e2cbe4ea68
  original: lts-18.28
